
Microsoft Visual Studio Solution File, Format Version 12.00
# Visual Studio Version 17
VisualStudioVersion = 17.9.34622.214
MinimumVisualStudioVersion = 10.0.40219.1
Project("{9A19103F-16F7-4668-BE54-9A1E7A4F7556}") = "242-Valid-Anagram", "242-Valid-Anagram.csproj", "{114E4AB9-B972-4C9A-AA1B-D9EF4CA8C3B9}"
EndProject
Global
	GlobalSection(SolutionConfigurationPlatforms) = preSolution
		Debug|Any CPU = Debug|Any CPU
		Release|Any CPU = Release|Any CPU
	EndGlobalSection
	GlobalSection(ProjectConfigurationPlatforms) = postSolution
		{114E4AB9-B972-4C9A-AA1B-D9EF4CA8C3B9}.Debug|Any CPU.ActiveCfg = Debug|Any CPU
		{114E4AB9-B972-4C9A-AA1B-D9EF4CA8C3B9}.Debug|Any CPU.Build.0 = Debug|Any CPU
		{114E4AB9-B972-4C9A-AA1B-D9EF4CA8C3B9}.Release|Any CPU.ActiveCfg = Release|Any CPU
		{114E4AB9-B972-4C9A-AA1B-D9EF4CA8C3B9}.Release|Any CPU.Build.0 = Release|Any CPU
	EndGlobalSection
	GlobalSection(SolutionProperties) = preSolution
		HideSolutionNode = FALSE
	EndGlobalSection
	GlobalSection(ExtensibilityGlobals) = postSolution
		SolutionGuid = {E9CCDF1E-CBB4-4830-A019-C6D8EB1EDBC7}
	EndGlobalSection
EndGlobal
